schema: '2.0'
stages:
  prepare:
    cmd: python src/prepare.py
    deps:
    - path: src/prepare.py
      hash: md5
      md5: 048f9f0cf19cb063cd61d4adbb88ac7f
      size: 1221
    outs:
    - path: data/processed
      hash: md5
      md5: ceaf974fa3e59534e76b0c7860994463.dir
      size: 220083362
      nfiles: 2
  train:
    cmd: python src/train.py
    deps:
    - path: data/processed
      hash: md5
      md5: ceaf974fa3e59534e76b0c7860994463.dir
      size: 220083362
      nfiles: 2
    - path: src/train.py
      hash: md5
      md5: 808f62da7f7ff29326ab8e5dbbe2e0dd
      size: 2049
    params:
      params.yaml:
        epochs: 5
        lr: 0.001
    outs:
    - path: metrics.json
      hash: md5
      md5: ace004c2d395cee8b2053f0b52fb466c
      size: 28
    - path: model.pt
      hash: md5
      md5: 869678fbe438f126da0844c4091c9547
      size: 56713
  predict:
    cmd: python src/predict.py
    deps:
    - path: data/processed/test.pt
      hash: md5
      md5: 0c88d311c92414204c9425d74e447890
      size: 31441677
    - path: model.pt
      hash: md5
      md5: 869678fbe438f126da0844c4091c9547
      size: 56713
    - path: src/predict.py
      hash: md5
      md5: 75da33ede46f39606f5083f338490fe9
      size: 1178
    outs:
    - path: predictions.json
      hash: md5
      md5: b08557255b2042bfc534775067539b39
      size: 788893
